
Microsoft Visual Studio Solution File, Format Version 12.00
# Visual Studio 15
VisualStudioVersion = 15.0.28307.902
MinimumVisualStudioVersion = 10.0.40219.1
Project("{FAE04EC0-301F-11D3-BF4B-00C04F79EFBC}") = "AccessLogAnalyzerTool", "AccessLogAnalyzerTool\AccessLogAnalyzerTool.csproj", "{F64DAB11-C72B-4989-8B56-61E4B72F9367}"
EndProject
Global
	GlobalSection(SolutionConfigurationPlatforms) = preSolution
		Debug|Any CPU = Debug|Any CPU
		Release|Any CPU = Release|Any CPU
	EndGlobalSection
	GlobalSection(ProjectConfigurationPlatforms) = postSolution
		{F64DAB11-C72B-4989-8B56-61E4B72F9367}.Debug|Any CPU.ActiveCfg = Debug|Any CPU
		{F64DAB11-C72B-4989-8B56-61E4B72F9367}.Debug|Any CPU.Build.0 = Debug|Any CPU
		{F64DAB11-C72B-4989-8B56-61E4B72F9367}.Release|Any CPU.ActiveCfg = Release|Any CPU
		{F64DAB11-C72B-4989-8B56-61E4B72F9367}.Release|Any CPU.Build.0 = Release|Any CPU
	EndGlobalSection
	GlobalSection(SolutionProperties) = preSolution
		HideSolutionNode = FALSE
	EndGlobalSection
	GlobalSection(ExtensibilityGlobals) = postSolution
		SolutionGuid = {CDBDFA55-E675-476B-A9BF-15959658D8C6}
	EndGlobalSection
EndGlobal
